{
    "_meta": {
        "hash": {
            "sha256": "3100fa583cd20ac4db27439ab4188385208f27c9de287e7b7433428c9f5d664d"
        },
        "pipfile-spec": 6,
        "requires": {
            "python_version": "3.6"
        },
        "sources": [
            {
                "name": "pypi",
                "url": "https://pypi.org/simple",
                "verify_ssl": true
            }
        ]
    },
    "default": {
        "absl-py": {
            "hashes": [
                "sha256:565a2c1be855e466e697e1be6b9876c2435dda926954d1de4abf0d592561ece8",
                "sha256:eb0383bd431c0d7b2320179904cab00120a10977e3c9671d99efbbed17efb55a"
            ],
            "version": "==0.14.1"
        },
        "astor": {
            "hashes": [
                "sha256:070a54e890cefb5b3739d19f30f5a5ec840ffc9c50ffa7d23cc9fc1a38ebbfc5",
                "sha256:6a6effda93f4e1ce9f618779b2dd1d9d84f1e32812c23a29b3fff6fd7f63fa5e"
            ],
            "markers": "python_version >= '2.7' and python_version not in '3.0, 3.1, 3.2, 3.3'",
            "version": "==0.8.1"
        },
        "atari-py": {
            "hashes": [
                "sha256:1edf44b1dcff5615833fe065e8d033caa00be295d9f37688dd04bd45bb7c0002",
                "sha256:2bea3c84913bf795aeef16cf9611cad6fa71db00460b5c375a10a0e03f6a566d",
                "sha256:43023615143c27ed77a050baa3a7afc3d00d4dae3e647d53129111b6d73a314f",
                "sha256:46c2627ff636e026575b47f2f01d4a2b353dc722100fd969488dcfdcb4ed0806",
                "sha256:4d54de91ff708045da45d9cd9f48c4f99366ede4caa5553c6b8001242487606c",
                "sha256:4f5b476f85e64bf1d03afb4e2f222efcd4e289d91ae1ce85a1c6c675c352f4c5",
                "sha256:537e96224557ba48e4a20fe23ffcdc317868135a3e32a65e79352a94cb349be1",
                "sha256:5419e75cbdfeebb668e91065714db2a3f4d54ebd0dab9520cb2e76d6e631eb97",
                "sha256:5f46844bf71736495a1557af5af3e7c4f5620aea132ab08189ffb945812846e5",
                "sha256:63ca3a23e18a40a969c60135ec5c6714cf43897933a8916de550ccc223f84403",
                "sha256:6be73abc6c48badd9bcb5db7ddf97c3aaf8b9808885c568c6f83e869374005e9",
                "sha256:6d80549e259cc94dac176733e573b40ae556745fc687cc433008d3124a5c82c0",
                "sha256:7a481c265fb58296f96cde0209190ad30640b593cc64611e441782b7884cd185",
                "sha256:804597763208d0b576baf66e69680e424dcbffca17fb983749dfe5e5744b360b",
                "sha256:a9703b7e5a3330465f71297918cb0e2bcdc086317388c0f43b4b1f93f4a9147b",
                "sha256:cb1b4355e3e4b628e272de8317e8dceeadeeabb821b33800409e17ffc3095e20",
                "sha256:d1441c080f50ca95991982509537bbdacb4435ca00af1dd22ca19d4237e6b5cc"
            ],
            "version": "==0.2.9"
        },
        "cached-property": {
            "hashes": [
                "sha256:9fa5755838eecbb2d234c3aa390bd80fbd3ac6b6869109bfc1b499f7bd89a130",
                "sha256:df4f613cf7ad9a588cc381aaf4a512d26265ecebd5eb9e1ba12f1319eb85a6a0"
            ],
            "markers": "python_version < '3.8'",
            "version": "==1.5.2"
        },
        "cloudpickle": {
            "hashes": [
                "sha256:922401d7140e133253ff5fab4faa4a1166416066453a783b00b507dca93f8859",
                "sha256:f3ef2c9d438f1553ce7795afb18c1f190d8146132496169ef6aa9b7b65caa4c3"
            ],
            "version": "==1.2.2"
        },
        "dataclasses": {
            "hashes": [
                "sha256:0201d89fa866f68c8ebd9d08ee6ff50c0b255f8ec63a71c16fda7af82bb887bf",
                "sha256:8479067f342acf957dc82ec415d355ab5edb7e7646b90dc6e2fd1d96ad084c97"
            ],
            "markers": "python_version < '3.7'",
            "version": "==0.8"
        },
        "future": {
            "hashes": [
                "sha256:b1bead90b70cf6ec3f0710ae53a525360fa360d306a86583adc6bf83a4db537d"
            ],
            "markers": "python_version >= '2.6' and python_version not in '3.0, 3.1, 3.2, 3.3'",
            "version": "==0.18.2"
        },
        "gast": {
            "hashes": [
                "sha256:7d095d4027b10bc3fc49e7828db14bc8d5b8ff48c571daa549eda12d398dd4aa",
                "sha256:f81fcefa8b982624a31c9e4ec7761325a88a0eba60d36d1da90e47f8fe3c67f7"
            ],
            "markers": "python_version >= '2.7' and python_version not in '3.0, 3.1, 3.2, 3.3'",
            "version": "==0.5.2"
        },
        "google-pasta": {
            "hashes": [
                "sha256:4612951da876b1a10fe3960d7226f0c7682cf901e16ac06e473b267a5afa8954",
                "sha256:b32482794a366b5366a32c92a9a9201b107821889935a02b3e51f6b432ea84ed",
                "sha256:c9f2c8dfc8f96d0d5808299920721be30c9eec37f2389f28904f454565c8a16e"
            ],
            "version": "==0.2.0"
        },
        "grpcio": {
            "hashes": [
                "sha256:056806e83eaa09d0af0e452dd353db8f7c90aa2dedcce1112a2d21592550f6b1",
                "sha256:07594e585a5ba25cf331ddb63095ca51010c34e328a822cb772ffbd5daa62cb5",
                "sha256:0abd56d90dff3ed566807520de1385126dded21e62d3490a34c180a91f94c1f4",
                "sha256:15c04d695833c739dbb25c88eaf6abd9a461ec0dbd32f44bc8769335a495cf5a",
                "sha256:1820845e7e6410240eff97742e9f76cd5bf10ca01d36a322e86c0bd5340ac25b",
                "sha256:1bcbeac764bbae329bc2cc9e95d0f4d3b0fb456b92cf12e7e06e3e860a4b31cf",
                "sha256:2410000eb57cf76b05b37d2aee270b686f0a7876710850a2bba92b4ed133e026",
                "sha256:2882b62f74de8c8a4f7b2be066f6230ecc46f4edc8f42db1fb7358200abe3b25",
                "sha256:297ee755d3c6cd7e7d3770f298f4d4d4b000665943ae6d2888f7407418a9a510",
                "sha256:39ce785f0cbd07966a9019386b7a054615b2da63da3c7727f371304d000a1890",
                "sha256:3a92e4df5330cd384984e04804104ae34f521345917813aa86fc0930101a3697",
                "sha256:3bbeee115b05b22f6a9fa9bc78f9ab8d9d6bb8c16fdfc60401fc8658beae1099",
                "sha256:4537bb9e35af62c5189493792a8c34d127275a6d175c8ad48b6314cacba4021e",
                "sha256:462178987f0e5c60d6d1b79e4e95803a4cd789db961d6b3f087245906bb5ae04",
                "sha256:5292a627b44b6d3065de4a364ead23bab3c9d7a7c05416a9de0c0624d0fe03f4",
                "sha256:5502832b7cec670a880764f51a335a19b10ff5ab2e940e1ded67f39b88aa02b1",
                "sha256:585847ed190ea9cb4d632eb0ebf58f1d299bbca5e03284bc3d0fa08bab6ea365",
                "sha256:59645b2d9f19b5ff30cb46ddbcaa09c398f9cd81e4e476b21c7c55ae1e942807",
                "sha256:5d4b30d068b022e412adcf9b14c0d9bcbc872e9745b91467edc0a4c700a8bba6",
                "sha256:7033199706526e7ee06a362e38476dfdf2ddbad625c19b67ed30411d1bb25a18",
                "sha256:7b07cbbd4eea56738e995fcbba3b60e41fd9aa9dac937fb7985c5dcbc7626260",
                "sha256:7da3f6f6b857399c9ad85bcbffc83189e547a0a1a777ab68f5385154f8bc1ed4",
                "sha256:83c1e731c2b76f26689ad88534cafefe105dcf385567bead08f5857cb308246b",
                "sha256:9674a9d3f23702e35a89e22504f41b467893cf704f627cc9cdd118cf1dcc8e26",
                "sha256:9ecd0fc34aa46eeac24f4d20e67bafaf72ca914f99690bf2898674905eaddaf9",
                "sha256:a0c4bdd1d646365d10ba1468bcf234ea5ad46e8ce2b115983e8563248614910a",
                "sha256:a144f6cecbb61aace12e5920840338a3d246123a41d795e316e2792e9775ad15",
                "sha256:a3cd7f945d3e3b82ebd2a4c9862eb9891a5ac87f84a7db336acbeafd86e6c402",
                "sha256:a614224719579044bd7950554d3b4c1793bb5715cbf0f0399b1f21d283c40ef6",
                "sha256:ace080a9c3c673c42adfd2116875a63fec9613797be01a6105acf7721ed0c693",
                "sha256:b2de4e7b5a930be04a4d05c9f5fce7e9191217ccdc174b026c2a7928770dca9f",
                "sha256:b6b68c444abbaf4a2b944a61cf35726ab9645f45d416bcc7cf4addc4b2f2d53d",
                "sha256:be3c6ac822edb509aeef41361ca9c8c5ee52cb9e4973e1977d2bb7d6a460fd97",
                "sha256:c07acd49541f5f6f9984fe0adf162d77bf70e0f58e77f9960c6f571314ff63a4",
                "sha256:c1e0a4c86d4cbd93059d5eeceed6e1c2e3e1494e1bf40be9b8ab14302c576162",
                "sha256:c8c5bc498f6506b6041c30afb7a55c57a9fd535d1a0ac7cdba9b5fd791a85633",
                "sha256:c95dd6e60e059ff770a2ac9f5a202b75dd64d76b0cd0c48f27d58907e43ed6a6",
                "sha256:ccd2f1cf11768d1f6fbe4e13e8b8fb0ccfe9914ceeff55a367d5571e82eeb543",
                "sha256:d0cc0393744ce3ce1b237ae773635cc928470ff46fb0d3f677e337a38e5ed4f6",
                "sha256:d539ebd05a2bbfbf897d41738d37d162d5c3d9f2b1f8ddf2c4f75e2c9cf59907",
                "sha256:d71aa430b2ac40e18e388504ac34cc91d49d811855ca507c463a21059bf364f0",
                "sha256:dcb5f324712a104aca4a459e524e535f205f36deb8005feb4f9d3ff0a22b5177",
                "sha256:e516124010ef60d5fc2e0de0f1f987599249dc55fd529001f17f776a4145767f",
                "sha256:fb64abf0d92134cb0ba4496a3b7ab918588eee42de20e5b3507fe6ee16db97ee"
            ],
            "version": "==1.41.0"
        },
        "gym": {
            "extras": [
                "atari"
            ],
            "hashes": [
                "sha256:3b930cbe1c76bbd30455b5e82ba723dea94159a5f988e927f443324bf7cc7ddd"
            ],
            "index": "pypi",
            "version": "==0.15.4"
        },
        "h5py": {
            "hashes": [
                "sha256:02c391fdb980762a1cc03a4bcaecd03dc463994a9a63a02264830114a96e111f",
                "sha256:1cd367f89a5441236bdbb795e9fb9a9e3424929c00b4a54254ca760437f83d69",
                "sha256:1cdfd1c5449ca1329d152f0b66830e93226ebce4f5e07dd8dc16bfc2b1a49d7b",
                "sha256:1e2516f190652beedcb8c7acfa1c6fa92d99b42331cbef5e5c7ec2d65b0fc3c2",
                "sha256:236ac8d943be30b617ab615c3d4a4bf4a438add2be87e54af3687ab721a18fac",
                "sha256:2e37352ddfcf9d77a2a47f7c8f7e125c6d20cc06c2995edeb7be222d4e152636",
                "sha256:80c623be10479e81b64fa713b7ed4c0bbe9f02e8e7d2a2e5382336087b615ce4",
                "sha256:ba71f6229d2013fbb606476ecc29c6223fc16b244d35fcd8566ad9dbaf910857",
                "sha256:cb74df83709d6d03d11e60b9480812f58da34f194beafa8c8314dbbeeedfe0a6",
                "sha256:dccb89358bc84abcd711363c3e138f9f4eccfdf866f2139a8e72308328765b2c",
                "sha256:e33f61d3eb862614c0f273a1f993a64dc2f093e1a3094932c50ada9d2db2170f",
                "sha256:f89a3dae38843ffa49d17a31a3509a8129e9b46ece602a0138e1ed79e685c361",
                "sha256:fea05349f63625a8fb808e57e42bb4c76930cf5d50ac58b678c52f913a48a89b"
            ],
            "markers": "python_version >= '3.6'",
            "version": "==3.1.0"
        },
        "importlib-metadata": {
            "hashes": [
                "sha256:b618b6d2d5ffa2f16add5697cf57a46c76a56229b0ed1c438322e4e95645bd15",
                "sha256:f284b3e11256ad1e5d03ab86bb2ccd6f5339688ff17a4d797a0fe7df326f23b1"
            ],
            "markers": "python_version < '3.8'",
            "version": "==4.8.1"
        },
        "keras-applications": {
            "hashes": [
                "sha256:5579f9a12bcde9748f4a12233925a59b93b73ae6947409ff34aa2ba258189fe5",
                "sha256:df4323692b8c1174af821bf906f1e442e63fa7589bf0f1230a0b6bdc5a810c95"
            ],
            "version": "==1.0.8"
        },
        "keras-preprocessing": {
            "hashes": [
                "sha256:7b82029b130ff61cc99b55f3bd27427df4838576838c5b2f65940e4fcec99a7b",
                "sha256:add82567c50c8bc648c14195bf544a5ce7c1f76761536956c3d2978970179ef3"
            ],
            "version": "==1.1.2"
        },
        "markdown": {
            "hashes": [
                "sha256:31b5b491868dcc87d6c24b7e3d19a0d730d59d3e46f4eea6430a321bed387a49",
                "sha256:96c3ba1261de2f7547b46a00ea8463832c921d3f9d6aba3f255a6f71386db20c"
            ],
            "markers": "python_version >= '3.6'",
            "version": "==3.3.4"
        },
        "numpy": {
            "hashes": [
                "sha256:1786a08236f2c92ae0e70423c45e1e62788ed33028f94ca99c4df03f5be6b3c6",
                "sha256:17aa7a81fe7599a10f2b7d95856dc5cf84a4eefa45bc96123cbbc3ebc568994e",
                "sha256:20b26aaa5b3da029942cdcce719b363dbe58696ad182aff0e5dcb1687ec946dc",
                "sha256:2d75908ab3ced4223ccba595b48e538afa5ecc37405923d1fea6906d7c3a50bc",
                "sha256:39d2c685af15d3ce682c99ce5925cc66efc824652e10990d2462dfe9b8918c6a",
                "sha256:56bc8ded6fcd9adea90f65377438f9fea8c05fcf7c5ba766bef258d0da1554aa",
                "sha256:590355aeade1a2eaba17617c19edccb7db8d78760175256e3cf94590a1a964f3",
                "sha256:70a840a26f4e61defa7bdf811d7498a284ced303dfbc35acb7be12a39b2aa121",
                "sha256:77c3bfe65d8560487052ad55c6998a04b654c2fbc36d546aef2b2e511e760971",
                "sha256:9537eecf179f566fd1c160a2e912ca0b8e02d773af0a7a1120ad4f7507cd0d26",
                "sha256:9acdf933c1fd263c513a2df3dceecea6f3ff4419d80bf238510976bf9bcb26cd",
                "sha256:ae0975f42ab1f28364dcda3dde3cf6c1ddab3e1d4b2909da0cb0191fa9ca0480",
                "sha256:b3af02ecc999c8003e538e60c89a2b37646b39b688d4e44d7373e11c2debabec",
                "sha256:b6ff59cee96b454516e47e7721098e6ceebef435e3e21ac2d6c3b8b02628eb77",
                "sha256:b765ed3930b92812aa698a455847141869ef755a87e099fddd4ccf9d81fffb57",
                "sha256:c98c5ffd7d41611407a1103ae11c8b634ad6a43606eca3e2a5a269e5d6e8eb07",
                "sha256:cf7eb6b1025d3e169989416b1adcd676624c2dbed9e3bcb7137f51bfc8cc2572",
                "sha256:d92350c22b150c1cae7ebb0ee8b5670cc84848f6359cf6b5d8f86617098a9b73",
                "sha256:e422c3152921cece8b6a2fb6b0b4d73b6579bd20ae075e7d15143e711f3ca2ca",
                "sha256:e840f552a509e3380b0f0ec977e8124d0dc34dc0e68289ca28f4d7c1d0d79474",
                "sha256:f3d0a94ad151870978fb93538e95411c83899c9dc63e6fb65542f769568ecfa5"
            ],
            "index": "pypi",
            "version": "==1.18.1"
        },
        "opencv-python": {
            "hashes": [
                "sha256:0f2e739c582e8c5e432130648bc6d66a56bc65f4cd9ff0bc7033033d2130c7a3",
                "sha256:0f3d159ad6cb9cbd188c726f87485f0799a067a0a15f34c25d7b5c8db3cb2e50",
                "sha256:167a6aff9bd124a3a67e0ec25d0da5ecdc8d96a56405e3e5e7d586c4105eb1bb",
                "sha256:1b90d50bc7a31e9573a8da1b80fcd1e4d9c86c0e5f76387858e1b87eb8b0332b",
                "sha256:2baf1213ae2fd678991f905d7b2b94eddfdfb5f75757db0f0b31eebd48ca200d",
                "sha256:312dda54c7e809c20d7409418060ae0e9cdbe82975e7ced429eb3c234ffc0d4a",
                "sha256:32384e675f7cefe707cac40a95eeb142d6869065e39c5500374116297cd8ca6d",
                "sha256:5c50634dd8f2f866fd99fd939292ce10e52bef82804ebc4e7f915221c3b7e951",
                "sha256:6841bb9cc24751dbdf94e7eefc4e6d70ec297952501954471299fd12ab67391c",
                "sha256:68c1c846dd267cd7e293d3fc0bb238db0a744aa1f2e721e327598f00cb982098",
                "sha256:703910aaa1dcd25a412f78a190fb7a352d9a64ee7d9a35566d786f3cc66ebf20",
                "sha256:8002959146ed21959e3118c60c8e94ceac02eea15b691da6c62cff4787c63f7f",
                "sha256:889eef049d38488b5b4646c48a831feed37c0fd44f3d83c05cff80f4baded145",
                "sha256:8c76983c9ec3e4cf3a4c1d172ec4285332d9fb1c7194d724aff0c518437471ee",
                "sha256:9cd9bd72f4a9743ef6f11f0f96784bd215a542e996db1717d4c2d3d03eb81a1b",
                "sha256:a1a5517301dc8d56243a14253d231ec755b94486b4fff2ae68269bc941bb1f2e",
                "sha256:a2b08aec2eacae868723136383d9eb84a33062a7a7ec5ec3bd2c423bd1355946",
                "sha256:a8529a79233f3581a66984acd16bce52ab0163f6f77568dd69e9ee4956d2e1db",
                "sha256:afbc81a3870739610a9f9a1197374d6a45892cf1933c90fc5617d39790991ed3",
                "sha256:baeb5dd8b21c718580687f5b4efd03f8139b1c56239cdf6b9805c6946e80f268",
                "sha256:db1d49b753e6e6c76585f21d09c7e9812176732baa9bddb64bc2fc6cd24d4179",
                "sha256:e242ed419aeb2488e0f9ee6410a34917f0f8d62b3ae96aa3170d83bae75004e2",
                "sha256:e36a8857be2c849e54009f1bee25e8c34fbc683fcd38c6c700af4cba5f8d57c2",
                "sha256:e699232fd033ef0053efec2cba0a7505514f374ba7b18c732a77cb5304311ef9",
                "sha256:eae3da9231d87980f8082d181c276a04f7a6fdac130cebd467390b96dd05f944",
                "sha256:ee6814c94dbf1cae569302afef9dd29efafc52373e8770ded0db549a3b6e0c00",
                "sha256:f01a87a015227d8af407161eb48222fc3c8b01661cdc841e2b86eee4f1a7a417"
            ],
            "index": "pypi",
            "version": "==4.2.0.32"
        },
        "pillow": {
            "hashes": [
                "sha256:0412516dcc9de9b0a1e0ae25a280015809de8270f134cc2c1e32c4eeb397cf30",
                "sha256:04835e68ef12904bc3e1fd002b33eea0779320d4346082bd5b24bec12ad9c3e9",
                "sha256:06d1adaa284696785375fa80a6a8eb309be722cf4ef8949518beb34487a3df71",
                "sha256:085a90a99404b859a4b6c3daa42afde17cb3ad3115e44a75f0d7b4a32f06a6c9",
                "sha256:0b9911ec70731711c3b6ebcde26caea620cbdd9dcb73c67b0730c8817f24711b",
                "sha256:10e00f7336780ca7d3653cf3ac26f068fa11b5a96894ea29a64d3dc4b810d630",
                "sha256:11c27e74bab423eb3c9232d97553111cc0be81b74b47165f07ebfdd29d825875",
                "sha256:11eb7f98165d56042545c9e6db3ce394ed8b45089a67124298f0473b29cb60b2",
                "sha256:13654b521fb98abdecec105ea3fb5ba863d1548c9b58831dd5105bb3873569f1",
                "sha256:15ccb81a6ffc57ea0137f9f3ac2737ffa1d11f786244d719639df17476d399a7",
                "sha256:18a07a683805d32826c09acfce44a90bf474e6a66ce482b1c7fcd3757d588df3",
                "sha256:19ec4cfe4b961edc249b0e04b5618666c23a83bc35842dea2bfd5dfa0157f81b",
                "sha256:1c3ff00110835bdda2b1e2b07f4a2548a39744bb7de5946dc8e95517c4fb2ca6",
                "sha256:27a330bf7014ee034046db43ccbb05c766aa9e70b8d6c5260bfc38d73103b0ba",
                "sha256:2b11c9d310a3522b0fd3c35667914271f570576a0e387701f370eb39d45f08a4",
                "sha256:2c661542c6f71dfd9dc82d9d29a8386287e82813b0375b3a02983feac69ef864",
                "sha256:2cde7a4d3687f21cffdf5bb171172070bb95e02af448c4c8b2f223d783214056",
                "sha256:2d5e9dc0bf1b5d9048a94c48d0813b6c96fccfa4ccf276d9c36308840f40c228",
                "sha256:2f23b2d3079522fdf3c09de6517f625f7a964f916c956527bed805ac043799b8",
                "sha256:35d27687f027ad25a8d0ef45dd5208ef044c588003cdcedf05afb00dbc5c2deb",
                "sha256:35d409030bf3bd05fa66fb5fdedc39c521b397f61ad04309c90444e893d05f7d",
                "sha256:4326ea1e2722f3dc00ed77c36d3b5354b8fb7399fb59230249ea6d59cbed90da",
                "sha256:4abc247b31a98f29e5224f2d31ef15f86a71f79c7f4d2ac345a5d551d6393073",
                "sha256:4d89a2e9219a526401015153c0e9dd48319ea6ab9fe3b066a20aa9aee23d9fd3",
                "sha256:4e59e99fd680e2b8b11bbd463f3c9450ab799305d5f2bafb74fefba6ac058616",
                "sha256:548794f99ff52a73a156771a0402f5e1c35285bd981046a502d7e4793e8facaa",
                "sha256:56fd98c8294f57636084f4b076b75f86c57b2a63a8410c0cd172bc93695ee979",
                "sha256:59697568a0455764a094585b2551fd76bfd6b959c9f92d4bdec9d0e14616303a",
                "sha256:6bff50ba9891be0a004ef48828e012babaaf7da204d81ab9be37480b9020a82b",
                "sha256:6cb3dd7f23b044b0737317f892d399f9e2f0b3a02b22b2c692851fb8120d82c6",
                "sha256:7dbfbc0020aa1d9bc1b0b8bcf255a7d73f4ad0336f8fd2533fcc54a4ccfb9441",
                "sha256:838eb85de6d9307c19c655c726f8d13b8b646f144ca6b3771fa62b711ebf7624",
                "sha256:8b68f565a4175e12e68ca900af8910e8fe48aaa48fd3ca853494f384e11c8bcd",
                "sha256:8f284dc1695caf71a74f24993b7c7473d77bc760be45f776a2c2f4e04c170550",
                "sha256:963ebdc5365d748185fdb06daf2ac758116deecb2277ec5ae98139f93844bc09",
                "sha256:a048dad5ed6ad1fad338c02c609b862dfaa921fcd065d747194a6805f91f2196",
                "sha256:a1bd983c565f92779be456ece2479840ec39d386007cd4ae83382646293d681b",
                "sha256:a66566f8a22561fc1a88dc87606c69b84fa9ce724f99522cf922c801ec68f5c1",
                "sha256:bcb04ff12e79b28be6c9988f275e7ab69f01cc2ba319fb3114f87817bb7c74b6",
                "sha256:bd24054aaf21e70a51e2a2a5ed1183560d3a69e6f9594a4bfe360a46f94eba83",
                "sha256:be25cb93442c6d2f8702c599b51184bd3ccd83adebd08886b682173e09ef0c3f",
                "sha256:c691b26283c3a31594683217d746f1dad59a7ae1d4cfc24626d7a064a11197d4",
                "sha256:cc9d0dec711c914ed500f1d0d3822868760954dce98dfb0b7382a854aee55d19",
                "sha256:ce2e5e04bb86da6187f96d7bab3f93a7877830981b37f0287dd6479e27a10341",
                "sha256:ce651ca46d0202c302a535d3047c55a0131a720cf554a578fc1b8a2aff0e7d96",
                "sha256:d0c8ebbfd439c37624db98f3877d9ed12c137cadd99dde2d2eae0dab0bbfc355",
                "sha256:d675a876b295afa114ca8bf42d7f86b5fb1298e1b6bb9a24405a3f6c8338811c",
                "sha256:dde3f3ed8d00c72631bc19cbfff8ad3b6215062a5eed402381ad365f82f0c18c",
                "sha256:e5a31c07cea5edbaeb4bdba6f2b87db7d3dc0f446f379d907e51cc70ea375629",
                "sha256:f514c2717012859ccb349c97862568fdc0479aad85b0270d6b5a6509dbc142e2",
                "sha256:fc0db32f7223b094964e71729c0361f93db43664dd1ec86d3df217853cedda87",
                "sha256:fd4fd83aa912d7b89b4b4a1580d30e2a4242f3936882a3f433586e5ab97ed0d5",
                "sha256:feb5db446e96bfecfec078b943cc07744cc759893cef045aa8b8b6d6aaa8274e"
            ],
            "markers": "python_version >= '3.6'",
            "version": "==8.3.2"
        },
        "protobuf": {
            "hashes": [
                "sha256:0851b5b89191e1976d34fa2e8eb8659829dfb45252053224cf9df857fb5f6a45",
                "sha256:09d9268f6f9da81b7657adcf2fb397524c82f20cdf9e0db3ff4e7567977abd67",
                "sha256:10544fc7ace885a882623083c24da5b14148c77563acddc3c58d66f6153c09cd",
                "sha256:1c9bb40503751087300dd12ce2e90899d68628977905c76effc48e66d089391e",
                "sha256:387f621bf7295a331f8c8a6962d097ceddeb85356792888cfa6a5c6bfc6886a4",
                "sha256:3c1644f8a7f19b45c7a4c32278e2a55ae9e7e2f9e5f02d960a61f04a4890d3e6",
                "sha256:4d19c9cb805fd2be1d59eee39e152367ee92a30167e77bd06c8819f8f0009a4c",
                "sha256:61ca58e14033ca0dfa484a31d57237c1be3b6013454c7f53876a20fc88dd69b1",
                "sha256:6f714f5de9d40b3bec90ede4a688cce52f637ccdc5403afcda1f67598f4fdcd7",
                "sha256:7a7be937c319146cc9f2626f0181e6809062c353e1fe449ecd0df374ba1036b2",
                "sha256:7e2f0677d68ecdd1cfda2abea65873f5bc7c3f5aae199404a3f5c1d1198c1a63",
                "sha256:8c1c5d3966c856f60a9d8d62f4455d70c31026422acdd5c228edf22b65b16c38",
                "sha256:93bad12895d8b0ebc66b605c2ef1802311595f881aef032d9f13282b7550e6b2",
                "sha256:c0e2790c580070cff2921b93d562539ae027064340151c50db6aaf94c33048cd",
                "sha256:c492c217d3f69f4d2d5619571e52ab98538edbf53caf67e53ea92bd0a3b5670f",
                "sha256:d6d927774c0ec746fed15a4faff5f44aad0b7a3421fadb6f3ae5ca1f2f8ae26e",
                "sha256:d76201380f41a2d83fb613a4683059d1fcafbe969518b3e409e279a8788fde2f",
                "sha256:e2ee8b11e3eb2ed38f12137c3c132270a0b1dd509e317228ac47b67f21a583f1",
                "sha256:e9ac691f7b24e4371dcd3980e4f5d6c840a2010da37986203053fee995786ec5",
                "sha256:f20f803892f2135e8b96dc58c9a0c6a7ad8436794bf8784af229498d939b4c77",
                "sha256:fa6d1049d5315566f55c04d0b50c0033415144f96a9d25c820dc542fe2bb7f45"
            ],
            "markers": "python_version >= '3.5'",
            "version": "==3.18.1"
        },
        "pyglet": {
            "hashes": [
                "sha256:8b07aea16f34ac861cffd06a0c17723ca944d172e577b57b21859b7990709a66",
                "sha256:b00570e7cdf6971af8953b6ece50d83d13272afa5d1f1197c58c0f478dd17743"
            ],
            "version": "==1.3.2"
        },
        "scipy": {
            "hashes": [
                "sha256:168c45c0c32e23f613db7c9e4e780bc61982d71dcd406ead746c7c7c2f2004ce",
                "sha256:213bc59191da2f479984ad4ec39406bf949a99aba70e9237b916ce7547b6ef42",
                "sha256:25b241034215247481f53355e05f9e25462682b13bd9191359075682adcd9554",
                "sha256:2c872de0c69ed20fb1a9b9cf6f77298b04a26f0b8720a5457be08be254366c6e",
                "sha256:3397c129b479846d7eaa18f999369a24322d008fac0782e7828fa567358c36ce",
                "sha256:368c0f69f93186309e1b4beb8e26d51dd6f5010b79264c0f1e9ca00cd92ea8c9",
                "sha256:3d5db5d815370c28d938cf9b0809dade4acf7aba57eaf7ef733bfedc9b2474c4",
                "sha256:4598cf03136067000855d6b44d7a1f4f46994164bcd450fb2c3d481afc25dd06",
                "sha256:4a453d5e5689de62e5d38edf40af3f17560bfd63c9c5bd228c18c1f99afa155b",
                "sha256:4f12d13ffbc16e988fa40809cbbd7a8b45bc05ff6ea0ba8e3e41f6f4db3a9e47",
                "sha256:634568a3018bc16a83cda28d4f7aed0d803dd5618facb36e977e53b2df868443",
                "sha256:65923bc3809524e46fb7eb4d6346552cbb6a1ffc41be748535aa502a2e3d3389",
                "sha256:6b0ceb23560f46dd236a8ad4378fc40bad1783e997604ba845e131d6c680963e",
                "sha256:8c8d6ca19c8497344b810b0b0344f8375af5f6bb9c98bd42e33f747417ab3f57",
                "sha256:9ad4fcddcbf5dc67619379782e6aeef41218a79e17979aaed01ed099876c0e62",
                "sha256:a254b98dbcc744c723a838c03b74a8a34c0558c9ac5c86d5561703362231107d",
                "sha256:b03c4338d6d3d299e8ca494194c0ae4f611548da59e3c038813f1a43976cb437",
                "sha256:cc1f78ebc982cd0602c9a7615d878396bec94908db67d4ecddca864d049112f2",
                "sha256:d6d25c41a009e3c6b7e757338948d0076ee1dd1770d1c09ec131f11946883c54",
                "sha256:d84cadd7d7998433334c99fa55bcba0d8b4aeff0edb123b2a1dfcface538e474",
                "sha256:e360cb2299028d0b0d0f65a5c5e51fc16a335f1603aa2357c25766c8dab56938",
                "sha256:e98d49a5717369d8241d6cf33ecb0ca72deee392414118198a8e5b4c35c56340",
                "sha256:ed572470af2438b526ea574ff8f05e7f39b44ac37f712105e57fc4d53a6fb660",
                "sha256:f87b39f4d69cf7d7529d7b1098cb712033b17ea7714aed831b95628f483fd012",
                "sha256:fa789583fc94a7689b45834453fec095245c7e69c58561dc159b5d5277057e4c"
            ],
            "markers": "python_version >= '3.6'",
            "version": "==1.5.4"
        },
        "six": {
            "hashes": [
                "sha256:1e61c37477a1626458e36f7b1d82aa5c9b094fa4802892072e49de9c60c4c926",
                "sha256:8abb2f1d86890a2dfb989f9a77cfcfd3e47c2a354b01111771326f8aa26e0254"
            ],
            "markers": "python_version >= '2.7' and python_version not in '3.0, 3.1, 3.2, 3.3'",
            "version": "==1.16.0"
        },
        "tensorboard": {
            "hashes": [
                "sha256:50e0b1bdcd488dbe39fd9416976e089b2ff4df18d9f1fab47abf4c498209c3fc",
                "sha256:c35ba681a52d4922be6b225623cf77285033e7e4e68bac5c1d5490e47d129bb2"
            ],
            "markers": "python_version >= '2.7' and python_version not in '3.0, 3.1, 3.2, 3.3'",
            "version": "==1.14.0"
        },
        "tensorflow": {
            "hashes": [
                "sha256:0a3784c6ab223b85a87ba6b752d2e6dc97b9345c078172d9b0bb90f3e448a320",
                "sha256:0a95ab659de39748c418f342fd09bc444a21a7d66f4501593cf7ff6de3c603b1",
                "sha256:2fc989a5d3be9f3dc96c20deaa3d5cc66d2bf76fe069c202c2914a7f4b5a9a35",
                "sha256:4008a56940d23345e52ac4885fb4782604eb02574c2d95f3946f5b6baf0e1276",
                "sha256:4643fcb6aa7bf9261620efe332f821ccdb63422ed5df33479e3c9592659cd64e",
                "sha256:46fc216db780b1a7b7a28cf6536d6ec0a171ef2fa546a24934ffe077c734c891",
                "sha256:5a9555eee142324a1cc3d6a5a9c0c8154ded8d013bf18cb459bc375e5d365191",
                "sha256:5ce034dba1db7cd829af2bf092c48dce96bb3da3e89223d7cb50f3eac2ddc19f",
                "sha256:7dfefd6fc79fed477c2c550cb79f766fb40533e907e4efbfabc81339b45551a4",
                "sha256:a3851118d2cc5e9e697503753c2d247dca0e98d5a85b5ea091103f27d9e57a38",
                "sha256:a4f154fa98cde5974117e05af444e0bed84cf431b8129c78a2de03a1ff7201c9",
                "sha256:c77888375ef02a5e7e55f81572db1bfa41e6f6597ae297e7bdafb22bf633f79e",
                "sha256:d982a6fef251ec1358129213385ec027f87ee72246dffe1136ca6109def209f7",
                "sha256:e20b5d81b07798db5054802405758fb685367772f1d602d359ba60baa34b6b46",
                "sha256:e84f2c8c7f23ad546076b1e73cec85706da19910b9a89c29cba3b64e297b2eb0"
            ],
            "index": "pypi",
            "version": "==1.14"
        },
        "tensorflow-estimator": {
            "hashes": [
                "sha256:ca073f66063407a091d610ec1b22e39ea30248710198cc6f13769320bdbe3992"
            ],
            "version": "==1.14.0"
        },
        "termcolor": {
            "hashes": [
                "sha256:1d6d69ce66211143803fbc56652b41d73b4a400a2891d7bf7a1cdf4c02de613b"
            ],
            "version": "==1.1.0"
        },
        "typing-extensions": {
            "hashes": [
                "sha256:49f75d16ff11f1cd258e1b988ccff82a3ca5570217d7ad8c5f48205dd99a677e",
                "sha256:d8226d10bc02a29bcc81df19a26e56a9647f8b0a6d4a83924139f4a8b01f17b7",
                "sha256:f1d25edafde516b146ecd0613dabcc61409817af4766fbbcfb8d1ad4ec441a34"
            ],
            "markers": "python_version < '3.8'",
            "version": "==3.10.0.2"
        },
        "werkzeug": {
            "hashes": [
                "sha256:63d3dc1cf60e7b7e35e97fa9861f7397283b75d765afcaefd993d6046899de8f",
                "sha256:aa2bb6fc8dee8d6c504c0ac1e7f5f7dc5810a9903e793b6f715a9f015bdadb9a"
            ],
            "markers": "python_version >= '3.6'",
            "version": "==2.0.2"
        },
        "wheel": {
            "hashes": [
                "sha256:21014b2bd93c6d0034b6ba5d35e4eb284340e09d63c59aef6fc14b0f346146fd",
                "sha256:e2ef7239991699e3355d54f8e968a21bb940a1dbf34a4d226741e64462516fad"
            ],
            "markers": "python_version >= '3'",
            "version": "==0.37.0"
        },
        "wrapt": {
            "hashes": [
                "sha256:04312fbf51e9dd15261228e6b4bed0c0ed5723ccf986645d2c7308511dccba35",
                "sha256:04a00cef5d1b9e0e8db997816437b436e859106283c4771a40c4de4759344765",
                "sha256:0b2cbe418beeff3aadb3afc39a67d3f5f6a3eb020ceb5f2bcf56bef14b33629a",
                "sha256:19b2c992668c9ca764899bae52987a04041ebc21859d2646db0b27e089c2fd6b",
                "sha256:1b46e4fe0f9efbfaf1ee82fc79f9cb044c69b67b181c58370440d396fe40736e",
                "sha256:21c1710f61aa95b4be83a32b6d6facbb0efdfac22dee65e1caa72a83deed7cda",
                "sha256:2d18618440df6bc072762625e9c843d32a7328347c321b89f8df3a7c4a72ce6c",
                "sha256:2f6fbea8936ba862425664fc689182a8ef50a6d88cd49f3cd073eccd3e78c930",
                "sha256:3658ae9c704906cab5865a00c1aa9e1fd3555074d1a4462fa1742d7fea8260ae",
                "sha256:3816922f0941f1637869a04e25d1e5261dfa55cc6b39c73872cbf192ea562443",
                "sha256:40fd2cebad4010787de4221ec27a650635eed3e49e4bbfa8244fc34836cc2457",
                "sha256:4f3f99bb8eed5d394bbb898c5191ed91ebf21187d52b2c45895733ae2798f373",
                "sha256:5dc6c8cfaf4ff2a4632f8f97d29f555d6951eb0f905d3d47b3fd69bddb653214",
                "sha256:6aa687da5565674c9696fafd2b8d44a04fb697ec2431af21c3def9cbedc4082a",
                "sha256:6b81913fdba96e286f0c6007eb61f0158e64a1941bfc72fee61b34a4f8f9877f",
                "sha256:6c241b4ef0744590ae0ee89305743977e478200cff961bdcc6b3d0530aea3377",
                "sha256:77fef0bfdc612f5f30e43392a9f67dddaf4f48f299421bf25f910d0f47173f3d",
                "sha256:7929ce97be2f7c49f454a6f8e014225e53cc3767fe48cce94b188de2225232ac",
                "sha256:8055f8cc9a80dc1db01f31af6399b83f597ec164f07b7251d2a1bf1c6c025190",
                "sha256:836c73f53a0cefc7ba10c6f4a0d78894cb4876f56035fe500b029e0a1ae0ffe9",
                "sha256:8a184c655bb41295a9b0c28745a1b762c0c86025e43808b7e814f9cedc6c563d",
                "sha256:8a6ba1b00d07f5a90a2d2eb1804a42e2067a6145b7745a8297664a75a8a232ba",
                "sha256:909a80ce028821c7ad01bdcaa588126825931d177cdccd00b3545818d4a195ce",
                "sha256:947a8d9d7829364e11eca88af18394713c8f98571cbc672b12545977d837f054",
                "sha256:95c9fcfc326fdd3e2fd264e808f6474ca7ffd253feb3a505ee5ceb4d78216ef7",
                "sha256:972099fa9cf4e43c255701c78ec5098c2fec4d6ea669a110b3414a158e772b0a",
                "sha256:97f016514ceac524832e7d1bd41cf928b992ebe0324d59736f84ad5f4bbe0632",
                "sha256:9d200716eb4bb1d73f47f3ccc4f98fdf979dcc82d752183828f1be2e332b6874",
                "sha256:9f839c47698052ef5c2c094e21f8a06d0828aebe52d20cdb505faa318c62e886",
                "sha256:aa637733f1d599077522f6a1f0c6c40389aa90a44cba37afcefef26f8e53d28f",
                "sha256:b0eed9b295039a619f64667f27cffbffcfc0559073d562700912ca6266bc8b28",
                "sha256:b1137e6aef3ac267c2af7d3af0266ef3f8dd1e5cde67b8eac9fa3b94e7fa0ada",
                "sha256:b41ce8ee3825634e67883dd4dab336f95d0cc9d223fb7e224dcd36d66af93694",
                "sha256:bc42803987eb46b5fc67ec9a072df15a72ee9db61e3b7dd955d82581bf141f60",
                "sha256:bd705e341baccc3d1ef20e790b1f6383bd4ae92a77ba87a86ece8189fab8793c",
                "sha256:c803526c0d3fa426e06de379b4eb56102234f2dc3c3a24a500d7962a83ca6166",
                "sha256:cb0b12b365b054bee2a53078a67df81781be0686cc3f3ab8bbdd16b2e188570a",
                "sha256:d0ae90fd60c7473e437b0dd48ae323c11f631fe47c243056f9e7505d26e8e2f6",
                "sha256:db0daf2afca9f3b3a76e96ecb5f55ba82615ec584471d7aa27c1bdeb9e3888bb",
                "sha256:e2eb4f38441b56698b4d40d48fd331e4e8a0477264785d08cbced63813d4bd29",
                "sha256:e5a0727ea56de6e9a17693589bcf913d6bf1ec49f12d4671993321f3325fda4f",
                "sha256:ec803c9d6e4ce037201132d903ff8b0dd26c9688be50ce4c77c420c076e78ff7",
                "sha256:f1e2cea943192e24070b65bda862901c02bdf7c6abcd66ef5381ad6511921067",
                "sha256:f4377eda306b488255ea4336662cd9015a902d6dc2ed77a3e4c1e3b42387453a",
                "sha256:fd5320bf61a2e8d3b46d9e183323293c9a695df8f38c98d17c45e1846758f9a9"
            ],
            "markers": "python_version >= '2.7' and python_version not in '3.0, 3.1, 3.2, 3.3, 3.4'",
            "version": "==1.13.1"
        },
        "zipp": {
            "hashes": [
                "sha256:71c644c5369f4a6e07636f0aa966270449561fcea2e3d6747b8d23efaa9d7832",
                "sha256:9fe5ea21568a0a70e50f273397638d39b03353731e6cbbb3fd8502a33fec40bc"
            ],
            "markers": "python_version >= '3.6'",
            "version": "==3.6.0"
        }
    },
    "develop": {
        "astroid": {
            "hashes": [
                "sha256:71ea07f44df9568a75d0f354c49143a4575d90645e9fead6dfb52c26a85ed13a",
                "sha256:840947ebfa8b58f318d42301cf8c0a20fd794a33b61cc4638e28e9e61ba32f42"
            ],
            "markers": "python_version >= '3.5'",
            "version": "==2.3.3"
        },
        "isort": {
            "hashes": [
                "sha256:54da7e92468955c4fceacd0c86bd0ec997b0e1ee80d97f67c35a78b719dccab1",
                "sha256:6e811fcb295968434526407adb8796944f1988c5b65e8139058f2014cbe100fd"
            ],
            "markers": "python_version >= '2.7' and python_version not in '3.0, 3.1, 3.2, 3.3'",
            "version": "==4.3.21"
        },
        "lazy-object-proxy": {
            "hashes": [
                "sha256:0c4b206227a8097f05c4dbdd323c50edf81f15db3b8dc064d08c62d37e1a504d",
                "sha256:194d092e6f246b906e8f70884e620e459fc54db3259e60cf69a4d66c3fda3449",
                "sha256:1be7e4c9f96948003609aa6c974ae59830a6baecc5376c25c92d7d697e684c08",
                "sha256:4677f594e474c91da97f489fea5b7daa17b5517190899cf213697e48d3902f5a",
                "sha256:48dab84ebd4831077b150572aec802f303117c8cc5c871e182447281ebf3ac50",
                "sha256:5541cada25cd173702dbd99f8e22434105456314462326f06dba3e180f203dfd",
                "sha256:59f79fef100b09564bc2df42ea2d8d21a64fdcda64979c0fa3db7bdaabaf6239",
                "sha256:8d859b89baf8ef7f8bc6b00aa20316483d67f0b1cbf422f5b4dc56701c8f2ffb",
                "sha256:9254f4358b9b541e3441b007a0ea0764b9d056afdeafc1a5569eee1cc6c1b9ea",
                "sha256:9651375199045a358eb6741df3e02a651e0330be090b3bc79f6d0de31a80ec3e",
                "sha256:97bb5884f6f1cdce0099f86b907aa41c970c3c672ac8b9c8352789e103cf3156",
                "sha256:9b15f3f4c0f35727d3a0fba4b770b3c4ebbb1fa907dbcc046a1d2799f3edd142",
                "sha256:a2238e9d1bb71a56cd710611a1614d1194dc10a175c1e08d75e1a7bcc250d442",
                "sha256:a6ae12d08c0bf9909ce12385803a543bfe99b95fe01e752536a60af2b7797c62",
                "sha256:ca0a928a3ddbc5725be2dd1cf895ec0a254798915fb3a36af0964a0a4149e3db",
                "sha256:cb2c7c57005a6804ab66f106ceb8482da55f5314b7fcb06551db1edae4ad1531",
                "sha256:d74bb8693bf9cf75ac3b47a54d716bbb1a92648d5f781fc799347cfc95952383",
                "sha256:d945239a5639b3ff35b70a88c5f2f491913eb94871780ebfabb2568bd58afc5a",
                "sha256:eba7011090323c1dadf18b3b689845fd96a61ba0a1dfbd7f24b921398affc357",
                "sha256:efa1909120ce98bbb3777e8b6f92237f5d5c8ea6758efea36a473e1d38f7d3e4",
                "sha256:f3900e8a5de27447acbf900b4750b0ddfd7ec1ea7fbaf11dfa911141bc522af0"
            ],
            "markers": "python_version >= '2.7' and python_version not in '3.0, 3.1, 3.2, 3.3'",
            "version": "==1.4.3"
        },
        "mccabe": {
            "hashes": [
                "sha256:ab8a6258860da4b6677da4bd2fe5dc2c659cff31b3ee4f7f5d64e79735b80d42",
                "sha256:dd8d182285a0fe56bace7f45b5e7d1a6ebcbf524e8f3bd87eb0f125271b8831f"
            ],
            "version": "==0.6.1"
        },
        "pylint": {
            "hashes": [
                "sha256:3db5468ad013380e987410a8d6956226963aed94ecb5f9d3a28acca6d9ac36cd",
                "sha256:886e6afc935ea2590b462664b161ca9a5e40168ea99e5300935f6591ad467df4"
            ],
            "index": "pypi",
            "version": "==2.4.4"
        },
        "six": {
            "hashes": [
                "sha256:1e61c37477a1626458e36f7b1d82aa5c9b094fa4802892072e49de9c60c4c926",
                "sha256:8abb2f1d86890a2dfb989f9a77cfcfd3e47c2a354b01111771326f8aa26e0254"
            ],
            "markers": "python_version >= '2.7' and python_version not in '3.0, 3.1, 3.2, 3.3'",
            "version": "==1.16.0"
        },
        "typed-ast": {
            "hashes": [
                "sha256:01ae5f73431d21eead5015997ab41afa53aa1fbe252f9da060be5dad2c730ace",
                "sha256:067a74454df670dcaa4e59349a2e5c81e567d8d65458d480a5b3dfecec08c5ff",
                "sha256:0fb71b8c643187d7492c1f8352f2c15b4c4af3f6338f21681d3681b3dc31a266",
                "sha256:1b3ead4a96c9101bef08f9f7d1217c096f31667617b58de957f690c92378b528",
                "sha256:2068531575a125b87a41802130fa7e29f26c09a2833fea68d9a40cf33902eba6",
                "sha256:209596a4ec71d990d71d5e0d312ac935d86930e6eecff6ccc7007fe54d703808",
                "sha256:2c726c276d09fc5c414693a2de063f521052d9ea7c240ce553316f70656c84d4",
                "sha256:398e44cd480f4d2b7ee8d98385ca104e35c81525dd98c519acff1b79bdaac363",
                "sha256:52b1eb8c83f178ab787f3a4283f68258525f8d70f778a2f6dd54d3b5e5fb4341",
                "sha256:5feca99c17af94057417d744607b82dd0a664fd5e4ca98061480fd8b14b18d04",
                "sha256:7538e495704e2ccda9b234b82423a4038f324f3a10c43bc088a1636180f11a41",
                "sha256:760ad187b1041a154f0e4d0f6aae3e40fdb51d6de16e5c99aedadd9246450e9e",
                "sha256:777a26c84bea6cd934422ac2e3b78863a37017618b6e5c08f92ef69853e765d3",
                "sha256:95431a26309a21874005845c21118c83991c63ea800dd44843e42a916aec5899",
                "sha256:9ad2c92ec681e02baf81fdfa056fe0d818645efa9af1f1cd5fd6f1bd2bdfd805",
                "sha256:9c6d1a54552b5330bc657b7ef0eae25d00ba7ffe85d9ea8ae6540d2197a3788c",
                "sha256:aee0c1256be6c07bd3e1263ff920c325b59849dc95392a05f258bb9b259cf39c",
                "sha256:af3d4a73793725138d6b334d9d247ce7e5f084d96284ed23f22ee626a7b88e39",
                "sha256:b36b4f3920103a25e1d5d024d155c504080959582b928e91cb608a65c3a49e1a",
                "sha256:b9574c6f03f685070d859e75c7f9eeca02d6933273b5e69572e5ff9d5e3931c3",
                "sha256:bff6ad71c81b3bba8fa35f0f1921fb24ff4476235a6e94a26ada2e54370e6da7",
                "sha256:c190f0899e9f9f8b6b7863debfb739abcb21a5c054f911ca3596d12b8a4c4c7f",
                "sha256:c907f561b1e83e93fad565bac5ba9c22d96a54e7ea0267c708bffe863cbe4075",
                "sha256:cae53c389825d3b46fb37538441f75d6aecc4174f615d048321b716df2757fb0",
                "sha256:dd4a21253f42b8d2b48410cb31fe501d32f8b9fbeb1f55063ad102fe9c425e40",
                "sha256:dde816ca9dac1d9c01dd504ea5967821606f02e510438120091b84e852367428",
                "sha256:f2362f3cb0f3172c42938946dbc5b7843c2a28aec307c49100c8b38764eb6927",
                "sha256:f328adcfebed9f11301eaedfa48e15bdece9b519fb27e6a8c01aa52a17ec31b3",
                "sha256:f8afcf15cc511ada719a88e013cec87c11aff7b91f019295eb4530f96fe5ef2f",
                "sha256:fb1bbeac803adea29cedd70781399c99138358c26d05fcbd23c13016b7f5ec65"
            ],
            "markers": "python_version < '3.8' and implementation_name == 'cpython'",
            "version": "==1.4.3"
        },
        "wrapt": {
            "hashes": [
                "sha256:04312fbf51e9dd15261228e6b4bed0c0ed5723ccf986645d2c7308511dccba35",
                "sha256:04a00cef5d1b9e0e8db997816437b436e859106283c4771a40c4de4759344765",
                "sha256:0b2cbe418beeff3aadb3afc39a67d3f5f6a3eb020ceb5f2bcf56bef14b33629a",
                "sha256:19b2c992668c9ca764899bae52987a04041ebc21859d2646db0b27e089c2fd6b",
                "sha256:1b46e4fe0f9efbfaf1ee82fc79f9cb044c69b67b181c58370440d396fe40736e",
                "sha256:21c1710f61aa95b4be83a32b6d6facbb0efdfac22dee65e1caa72a83deed7cda",
                "sha256:2d18618440df6bc072762625e9c843d32a7328347c321b89f8df3a7c4a72ce6c",
                "sha256:2f6fbea8936ba862425664fc689182a8ef50a6d88cd49f3cd073eccd3e78c930",
                "sha256:3658ae9c704906cab5865a00c1aa9e1fd3555074d1a4462fa1742d7fea8260ae",
                "sha256:3816922f0941f1637869a04e25d1e5261dfa55cc6b39c73872cbf192ea562443",
                "sha256:40fd2cebad4010787de4221ec27a650635eed3e49e4bbfa8244fc34836cc2457",
                "sha256:4f3f99bb8eed5d394bbb898c5191ed91ebf21187d52b2c45895733ae2798f373",
                "sha256:5dc6c8cfaf4ff2a4632f8f97d29f555d6951eb0f905d3d47b3fd69bddb653214",
                "sha256:6aa687da5565674c9696fafd2b8d44a04fb697ec2431af21c3def9cbedc4082a",
                "sha256:6b81913fdba96e286f0c6007eb61f0158e64a1941bfc72fee61b34a4f8f9877f",
                "sha256:6c241b4ef0744590ae0ee89305743977e478200cff961bdcc6b3d0530aea3377",
                "sha256:77fef0bfdc612f5f30e43392a9f67dddaf4f48f299421bf25f910d0f47173f3d",
                "sha256:7929ce97be2f7c49f454a6f8e014225e53cc3767fe48cce94b188de2225232ac",
                "sha256:8055f8cc9a80dc1db01f31af6399b83f597ec164f07b7251d2a1bf1c6c025190",
                "sha256:836c73f53a0cefc7ba10c6f4a0d78894cb4876f56035fe500b029e0a1ae0ffe9",
                "sha256:8a184c655bb41295a9b0c28745a1b762c0c86025e43808b7e814f9cedc6c563d",
                "sha256:8a6ba1b00d07f5a90a2d2eb1804a42e2067a6145b7745a8297664a75a8a232ba",
                "sha256:909a80ce028821c7ad01bdcaa588126825931d177cdccd00b3545818d4a195ce",
                "sha256:947a8d9d7829364e11eca88af18394713c8f98571cbc672b12545977d837f054",
                "sha256:95c9fcfc326fdd3e2fd264e808f6474ca7ffd253feb3a505ee5ceb4d78216ef7",
                "sha256:972099fa9cf4e43c255701c78ec5098c2fec4d6ea669a110b3414a158e772b0a",
                "sha256:97f016514ceac524832e7d1bd41cf928b992ebe0324d59736f84ad5f4bbe0632",
                "sha256:9d200716eb4bb1d73f47f3ccc4f98fdf979dcc82d752183828f1be2e332b6874",
                "sha256:9f839c47698052ef5c2c094e21f8a06d0828aebe52d20cdb505faa318c62e886",
                "sha256:aa637733f1d599077522f6a1f0c6c40389aa90a44cba37afcefef26f8e53d28f",
                "sha256:b0eed9b295039a619f64667f27cffbffcfc0559073d562700912ca6266bc8b28",
                "sha256:b1137e6aef3ac267c2af7d3af0266ef3f8dd1e5cde67b8eac9fa3b94e7fa0ada",
                "sha256:b41ce8ee3825634e67883dd4dab336f95d0cc9d223fb7e224dcd36d66af93694",
                "sha256:bc42803987eb46b5fc67ec9a072df15a72ee9db61e3b7dd955d82581bf141f60",
                "sha256:bd705e341baccc3d1ef20e790b1f6383bd4ae92a77ba87a86ece8189fab8793c",
                "sha256:c803526c0d3fa426e06de379b4eb56102234f2dc3c3a24a500d7962a83ca6166",
                "sha256:cb0b12b365b054bee2a53078a67df81781be0686cc3f3ab8bbdd16b2e188570a",
                "sha256:d0ae90fd60c7473e437b0dd48ae323c11f631fe47c243056f9e7505d26e8e2f6",
                "sha256:db0daf2afca9f3b3a76e96ecb5f55ba82615ec584471d7aa27c1bdeb9e3888bb",
                "sha256:e2eb4f38441b56698b4d40d48fd331e4e8a0477264785d08cbced63813d4bd29",
                "sha256:e5a0727ea56de6e9a17693589bcf913d6bf1ec49f12d4671993321f3325fda4f",
                "sha256:ec803c9d6e4ce037201132d903ff8b0dd26c9688be50ce4c77c420c076e78ff7",
                "sha256:f1e2cea943192e24070b65bda862901c02bdf7c6abcd66ef5381ad6511921067",
                "sha256:f4377eda306b488255ea4336662cd9015a902d6dc2ed77a3e4c1e3b42387453a",
                "sha256:fd5320bf61a2e8d3b46d9e183323293c9a695df8f38c98d17c45e1846758f9a9"
            ],
            "markers": "python_version >= '2.7' and python_version not in '3.0, 3.1, 3.2, 3.3, 3.4'",
            "version": "==1.13.1"
        }
    }
}
